
Microsoft Visual Studio Solution File, Format Version 12.00
# Visual Studio Version 16
VisualStudioVersion = 16.0.31424.327
MinimumVisualStudioVersion = 10.0.40219.1
Project("{FAE04EC0-301F-11D3-BF4B-00C04F79EFBC}") = "RobotCodeChallenge", "RobotCodeChallenge\RobotCodeChallenge.csproj", "{72E92167-B252-4314-9D54-92D82B51FF88}"
EndProject
Project("{FAE04EC0-301F-11D3-BF4B-00C04F79EFBC}") = "RobotCodeChallenge.Tests", "RobotCodeChallenge.Tests\RobotCodeChallenge.Tests.csproj", "{626BCAF5-4D23-48EC-A9A8-C21FB0792DA5}"
EndProject
Global
	GlobalSection(SolutionConfigurationPlatforms) = preSolution
		Debug|Any CPU = Debug|Any CPU
		Release|Any CPU = Release|Any CPU
	EndGlobalSection
	GlobalSection(ProjectConfigurationPlatforms) = postSolution
		{72E92167-B252-4314-9D54-92D82B51FF88}.Debug|Any CPU.ActiveCfg = Debug|Any CPU
		{72E92167-B252-4314-9D54-92D82B51FF88}.Debug|Any CPU.Build.0 = Debug|Any CPU
		{72E92167-B252-4314-9D54-92D82B51FF88}.Release|Any CPU.ActiveCfg = Release|Any CPU
		{72E92167-B252-4314-9D54-92D82B51FF88}.Release|Any CPU.Build.0 = Release|Any CPU
		{626BCAF5-4D23-48EC-A9A8-C21FB0792DA5}.Debug|Any CPU.ActiveCfg = Debug|Any CPU
		{626BCAF5-4D23-48EC-A9A8-C21FB0792DA5}.Debug|Any CPU.Build.0 = Debug|Any CPU
		{626BCAF5-4D23-48EC-A9A8-C21FB0792DA5}.Release|Any CPU.ActiveCfg = Release|Any CPU
		{626BCAF5-4D23-48EC-A9A8-C21FB0792DA5}.Release|Any CPU.Build.0 = Release|Any CPU
	EndGlobalSection
	GlobalSection(SolutionProperties) = preSolution
		HideSolutionNode = FALSE
	EndGlobalSection
	GlobalSection(ExtensibilityGlobals) = postSolution
		SolutionGuid = {C4BDE1FE-EFD6-45DA-A242-CE0381C05786}
	EndGlobalSection
EndGlobal
